
Microsoft Visual Studio Solution File, Format Version 12.00
# Visual Studio 15
VisualStudioVersion = 15.0.26403.7
MinimumVisualStudioVersion = 10.0.40219.1
Project("{FAE04EC0-301F-11D3-BF4B-00C04F79EFBC}") = "WaveAccountingIntegration", "WaveAccountingIntegration\WaveAccountingIntegration.csproj", "{3D6A1FC8-5002-4F4C-BFEE-B8CC59660201}"
EndProject
Project("{FAE04EC0-301F-11D3-BF4B-00C04F79EFBC}") = "Common", "Common\Common.csproj", "{882E5F51-A328-4B53-8034-5161A7701BD5}"
EndProject
Global
	GlobalSection(SolutionConfigurationPlatforms) = preSolution
		Debug|Any CPU = Debug|Any CPU
		Release|Any CPU = Release|Any CPU
	EndGlobalSection
	GlobalSection(ProjectConfigurationPlatforms) = postSolution
		{3D6A1FC8-5002-4F4C-BFEE-B8CC59660201}.Debug|Any CPU.ActiveCfg = Debug|Any CPU
		{3D6A1FC8-5002-4F4C-BFEE-B8CC59660201}.Debug|Any CPU.Build.0 = Debug|Any CPU
		{3D6A1FC8-5002-4F4C-BFEE-B8CC59660201}.Release|Any CPU.ActiveCfg = Release|Any CPU
		{3D6A1FC8-5002-4F4C-BFEE-B8CC59660201}.Release|Any CPU.Build.0 = Release|Any CPU
		{882E5F51-A328-4B53-8034-5161A7701BD5}.Debug|Any CPU.ActiveCfg = Debug|Any CPU
		{882E5F51-A328-4B53-8034-5161A7701BD5}.Debug|Any CPU.Build.0 = Debug|Any CPU
		{882E5F51-A328-4B53-8034-5161A7701BD5}.Release|Any CPU.ActiveCfg = Release|Any CPU
		{882E5F51-A328-4B53-8034-5161A7701BD5}.Release|Any CPU.Build.0 = Release|Any CPU
	EndGlobalSection
	GlobalSection(SolutionProperties) = preSolution
		HideSolutionNode = FALSE
	EndGlobalSection
	GlobalSection(ExtensibilityGlobals) = postSolution
		SolutionGuid = {3AD0761B-83B4-49D9-8585-A36B146DA01B}
	EndGlobalSection
EndGlobal
